lockfileVersion: '6.0'

settings:
  autoInstallPeers: true
  excludeLinksFromLockfile: false

devDependencies:
  vitepress:
    specifier: 1.0.0-rc.41
    version: 1.0.0-rc.41(@algolia/client-search@4.20.0)(search-insights@2.7.0)

packages:

  /@algolia/autocomplete-core@1.9.3(@algolia/client-search@4.20.0)(algoliasearch@4.20.0)(search-insights@2.7.0):
    resolution: {integrity: sha512-009HdfugtGCdC4JdXUbVJClA0q0zh24yyePn+KUGk3rP7j8FEe/m5Yo/z65gn6nP/cM39PxpzqKrL7A6fP6PPw==}
    dependencies:
      '@algolia/autocomplete-plugin-algolia-insights': 1.9.3(@algolia/client-search@4.20.0)(algoliasearch@4.20.0)(search-insights@2.7.0)
      '@algolia/autocomplete-shared': 1.9.3(@algolia/client-search@4.20.0)(algoliasearch@4.20.0)
    transitivePeerDependencies:
      - '@algolia/client-search'
      - algoliasearch
      - search-insights
    dev: true

  /@algolia/autocomplete-plugin-algolia-insights@1.9.3(@algolia/client-search@4.20.0)(algoliasearch@4.20.0)(search-insights@2.7.0):
    resolution: {integrity: sha512-a/yTUkcO/Vyy+JffmAnTWbr4/90cLzw+CC3bRbhnULr/EM0fGNvM13oQQ14f2moLMcVDyAx/leczLlAOovhSZg==}
    peerDependencies:
      search-insights: '>= 1 < 3'
    dependencies:
      '@algolia/autocomplete-shared': 1.9.3(@algolia/client-search@4.20.0)(algoliasearch@4.20.0)
      search-insights: 2.7.0
    transitivePeerDependencies:
      - '@algolia/client-search'
      - algoliasearch
    dev: true

  /@algolia/autocomplete-preset-algolia@1.9.3(@algolia/client-search@4.20.0)(algoliasearch@4.20.0):
    resolution: {integrity: sha512-d4qlt6YmrLMYy95n5TB52wtNDr6EgAIPH81dvvvW8UmuWRgxEtY0NJiPwl/h95JtG2vmRM804M0DSwMCNZlzRA==}
    peerDependencies:
      '@algolia/client-search': '>= 4.9.1 < 6'
      algoliasearch: '>= 4.9.1 < 6'
    dependencies:
      '@algolia/autocomplete-shared': 1.9.3(@algolia/client-search@4.20.0)(algoliasearch@4.20.0)
      '@algolia/client-search': 4.20.0
      algoliasearch: 4.20.0
    dev: true

  /@algolia/autocomplete-shared@1.9.3(@algolia/client-search@4.20.0)(algoliasearch@4.20.0):
    resolution: {integrity: sha512-Wnm9E4Ye6Rl6sTTqjoymD+l8DjSTHsHboVRYrKgEt8Q7UHm9nYbqhN/i0fhUYA3OAEH7WA8x3jfpnmJm3rKvaQ==}
    peerDependencies:
      '@algolia/client-search': '>= 4.9.1 < 6'
      algoliasearch: '>= 4.9.1 < 6'
    dependencies:
      '@algolia/client-search': 4.20.0
      algoliasearch: 4.20.0
    dev: true

  /@algolia/cache-browser-local-storage@4.20.0:
    resolution: {integrity: sha512-uujahcBt4DxduBTvYdwO3sBfHuJvJokiC3BP1+O70fglmE1ShkH8lpXqZBac1rrU3FnNYSUs4pL9lBdTKeRPOQ==}
    dependencies:
      '@algolia/cache-common': 4.20.0
    dev: true

  /@algolia/cache-common@4.20.0:
    resolution: {integrity: sha512-vCfxauaZutL3NImzB2G9LjLt36vKAckc6DhMp05An14kVo8F1Yofb6SIl6U3SaEz8pG2QOB9ptwM5c+zGevwIQ==}
    dev: true

  /@algolia/cache-in-memory@4.20.0:
    resolution: {integrity: sha512-Wm9ak/IaacAZXS4mB3+qF/KCoVSBV6aLgIGFEtQtJwjv64g4ePMapORGmCyulCFwfePaRAtcaTbMcJF+voc/bg==}
    dependencies:
      '@algolia/cache-common': 4.20.0
    dev: true

  /@algolia/client-account@4.20.0:
    resolution: {integrity: sha512-GGToLQvrwo7am4zVkZTnKa72pheQeez/16sURDWm7Seyz+HUxKi3BM6fthVVPUEBhtJ0reyVtuK9ArmnaKl10Q==}
    dependencies:
      '@algolia/client-common': 4.20.0
      '@algolia/client-search': 4.20.0
      '@algolia/transporter': 4.20.0
    dev: true

  /@algolia/client-analytics@4.20.0:
    resolution: {integrity: sha512-EIr+PdFMOallRdBTHHdKI3CstslgLORQG7844Mq84ib5oVFRVASuuPmG4bXBgiDbcsMLUeOC6zRVJhv1KWI0ug==}
    dependencies:
      '@algolia/client-common': 4.20.0
      '@algolia/client-search': 4.20.0
      '@algolia/requester-common': 4.20.0
      '@algolia/transporter': 4.20.0
    dev: true

  /@algolia/client-common@4.20.0:
    resolution: {integrity: sha512-P3WgMdEss915p+knMMSd/fwiHRHKvDu4DYRrCRaBrsfFw7EQHon+EbRSm4QisS9NYdxbS04kcvNoavVGthyfqQ==}
    dependencies:
      '@algolia/requester-common': 4.20.0
      '@algolia/transporter': 4.20.0
    dev: true

  /@algolia/client-personalization@4.20.0:
    resolution: {integrity: sha512-N9+zx0tWOQsLc3K4PVRDV8GUeOLAY0i445En79Pr3zWB+m67V+n/8w4Kw1C5LlbHDDJcyhMMIlqezh6BEk7xAQ==}
    dependencies:
      '@algolia/client-common': 4.20.0
      '@algolia/requester-common': 4.20.0
      '@algolia/transporter': 4.20.0
    dev: true

  /@algolia/client-search@4.20.0:
    resolution: {integrity: sha512-zgwqnMvhWLdpzKTpd3sGmMlr4c+iS7eyyLGiaO51zDZWGMkpgoNVmltkzdBwxOVXz0RsFMznIxB9zuarUv4TZg==}
    dependencies:
      '@algolia/client-common': 4.20.0
      '@algolia/requester-common': 4.20.0
      '@algolia/transporter': 4.20.0
    dev: true

  /@algolia/logger-common@4.20.0:
    resolution: {integrity: sha512-xouigCMB5WJYEwvoWW5XDv7Z9f0A8VoXJc3VKwlHJw/je+3p2RcDXfksLI4G4lIVncFUYMZx30tP/rsdlvvzHQ==}
    dev: true

  /@algolia/logger-console@4.20.0:
    resolution: {integrity: sha512-THlIGG1g/FS63z0StQqDhT6bprUczBI8wnLT3JWvfAQDZX5P6fCg7dG+pIrUBpDIHGszgkqYEqECaKKsdNKOUA==}
    dependencies:
      '@algolia/logger-common': 4.20.0
    dev: true

  /@algolia/requester-browser-xhr@4.20.0:
    resolution: {integrity: sha512-HbzoSjcjuUmYOkcHECkVTwAelmvTlgs48N6Owt4FnTOQdwn0b8pdht9eMgishvk8+F8bal354nhx/xOoTfwiAw==}
    dependencies:
      '@algolia/requester-common': 4.20.0
    dev: true

  /@algolia/requester-common@4.20.0:
    resolution: {integrity: sha512-9h6ye6RY/BkfmeJp7Z8gyyeMrmmWsMOCRBXQDs4mZKKsyVlfIVICpcSibbeYcuUdurLhIlrOUkH3rQEgZzonng==}
    dev: true

  /@algolia/requester-node-http@4.20.0:
    resolution: {integrity: sha512-ocJ66L60ABSSTRFnCHIEZpNHv6qTxsBwJEPfYaSBsLQodm0F9ptvalFkHMpvj5DfE22oZrcrLbOYM2bdPJRHng==}
    dependencies:
      '@algolia/requester-common': 4.20.0
    dev: true

  /@algolia/transporter@4.20.0:
    resolution: {integrity: sha512-Lsii1pGWOAISbzeyuf+r/GPhvHMPHSPrTDWNcIzOE1SG1inlJHICaVe2ikuoRjcpgxZNU54Jl+if15SUCsaTUg==}
    dependencies:
      '@algolia/cache-common': 4.20.0
      '@algolia/logger-common': 4.20.0
      '@algolia/requester-common': 4.20.0
    dev: true

  /@babel/helper-string-parser@7.21.5:
    resolution: {integrity: sha512-5pTUx3hAJaZIdW99sJ6ZUUgWq/Y+Hja7TowEnLNMm1VivRgZQL3vpBY3qUACVsvw+yQU6+YgfBVmcbLaZtrA1w==}
    engines: {node: '>=6.9.0'}
    dev: true

  /@babel/helper-validator-identifier@7.19.1:
    resolution: {integrity: sha512-awrNfaMtnHUr653GgGEs++LlAvW6w+DcPrOliSMXWCKo597CwL5Acf/wWdNkf/tfEQE3mjkeD1YOVZOUV/od1w==}
    engines: {node: '>=6.9.0'}
    dev: true

  /@babel/parser@7.23.9:
    resolution: {integrity: sha512-9tcKgqKbs3xGJ+NtKF2ndOBBLVwPjl1SHxPQkd36r3Dlirw3xWUeGaTbqr7uGZcTaxkVNwc+03SVP7aCdWrTlA==}
    engines: {node: '>=6.0.0'}
    hasBin: true
    dependencies:
      '@babel/types': 7.22.4
    dev: true

  /@babel/types@7.22.4:
    resolution: {integrity: sha512-Tx9x3UBHTTsMSW85WB2kphxYQVvrZ/t1FxD88IpSgIjiUJlCm9z+xWIDwyo1vffTwSqteqyznB8ZE9vYYk16zA==}
    engines: {node: '>=6.9.0'}
    dependencies:
      '@babel/helper-string-parser': 7.21.5
      '@babel/helper-validator-identifier': 7.19.1
      to-fast-properties: 2.0.0
    dev: true

  /@docsearch/css@3.5.2:
    resolution: {integrity: sha512-SPiDHaWKQZpwR2siD0KQUwlStvIAnEyK6tAE2h2Wuoq8ue9skzhlyVQ1ddzOxX6khULnAALDiR/isSF3bnuciA==}
    dev: true

  /@docsearch/js@3.5.2(@algolia/client-search@4.20.0)(search-insights@2.7.0):
    resolution: {integrity: sha512-p1YFTCDflk8ieHgFJYfmyHBki1D61+U9idwrLh+GQQMrBSP3DLGKpy0XUJtPjAOPltcVbqsTjiPFfH7JImjUNg==}
    dependencies:
      '@docsearch/react': 3.5.2(@algolia/client-search@4.20.0)(search-insights@2.7.0)
      preact: 10.15.1
    transitivePeerDependencies:
      - '@algolia/client-search'
      - '@types/react'
      - react
      - react-dom
      - search-insights
    dev: true

  /@docsearch/react@3.5.2(@algolia/client-search@4.20.0)(search-insights@2.7.0):
    resolution: {integrity: sha512-9Ahcrs5z2jq/DcAvYtvlqEBHImbm4YJI8M9y0x6Tqg598P40HTEkX7hsMcIuThI+hTFxRGZ9hll0Wygm2yEjng==}
    peerDependencies:
      '@types/react': '>= 16.8.0 < 19.0.0'
      react: '>= 16.8.0 < 19.0.0'
      react-dom: '>= 16.8.0 < 19.0.0'
      search-insights: '>= 1 < 3'
    peerDependenciesMeta:
      '@types/react':
        optional: true
      react:
        optional: true
      react-dom:
        optional: true
      search-insights:
        optional: true
    dependencies:
      '@algolia/autocomplete-core': 1.9.3(@algolia/client-search@4.20.0)(algoliasearch@4.20.0)(search-insights@2.7.0)
      '@algolia/autocomplete-preset-algolia': 1.9.3(@algolia/client-search@4.20.0)(algoliasearch@4.20.0)
      '@docsearch/css': 3.5.2
      algoliasearch: 4.20.0
      search-insights: 2.7.0
    transitivePeerDependencies:
      - '@algolia/client-search'
    dev: true

  /@esbuild/android-arm64@0.19.8:
    resolution: {integrity: sha512-B8JbS61bEunhfx8kasogFENgQfr/dIp+ggYXwTqdbMAgGDhRa3AaPpQMuQU0rNxDLECj6FhDzk1cF9WHMVwrtA==}
    engines: {node: '>=12'}
    cpu: [arm64]
    os: [android]
    requiresBuild: true
    dev: true
    optional: true

  /@esbuild/android-arm@0.19.8:
    resolution: {integrity: sha512-31E2lxlGM1KEfivQl8Yf5aYU/mflz9g06H6S15ITUFQueMFtFjESRMoDSkvMo8thYvLBax+VKTPlpnx+sPicOA==}
    engines: {node: '>=12'}
    cpu: [arm]
    os: [android]
    requiresBuild: true
    dev: true
    optional: true

  /@esbuild/android-x64@0.19.8:
    resolution: {integrity: sha512-rdqqYfRIn4jWOp+lzQttYMa2Xar3OK9Yt2fhOhzFXqg0rVWEfSclJvZq5fZslnz6ypHvVf3CT7qyf0A5pM682A==}
    engines: {node: '>=12'}
    cpu: [x64]
    os: [android]
    requiresBuild: true
    dev: true
    optional: true

  /@esbuild/darwin-arm64@0.19.8:
    resolution: {integrity: sha512-RQw9DemMbIq35Bprbboyf8SmOr4UXsRVxJ97LgB55VKKeJOOdvsIPy0nFyF2l8U+h4PtBx/1kRf0BelOYCiQcw==}
    engines: {node: '>=12'}
    cpu: [arm64]
    os: [darwin]
    requiresBuild: true
    dev: true
    optional: true

  /@esbuild/darwin-x64@0.19.8:
    resolution: {integrity: sha512-3sur80OT9YdeZwIVgERAysAbwncom7b4bCI2XKLjMfPymTud7e/oY4y+ci1XVp5TfQp/bppn7xLw1n/oSQY3/Q==}
    engines: {node: '>=12'}
    cpu: [x64]
    os: [darwin]
    requiresBuild: true
    dev: true
    optional: true

  /@esbuild/freebsd-arm64@0.19.8:
    resolution: {integrity: sha512-WAnPJSDattvS/XtPCTj1tPoTxERjcTpH6HsMr6ujTT+X6rylVe8ggxk8pVxzf5U1wh5sPODpawNicF5ta/9Tmw==}
    engines: {node: '>=12'}
    cpu: [arm64]
    os: [freebsd]
    requiresBuild: true
    dev: true
    optional: true

  /@esbuild/freebsd-x64@0.19.8:
    resolution: {integrity: sha512-ICvZyOplIjmmhjd6mxi+zxSdpPTKFfyPPQMQTK/w+8eNK6WV01AjIztJALDtwNNfFhfZLux0tZLC+U9nSyA5Zg==}
    engines: {node: '>=12'}
    cpu: [x64]
    os: [freebsd]
    requiresBuild: true
    dev: true
    optional: true

  /@esbuild/linux-arm64@0.19.8:
    resolution: {integrity: sha512-z1zMZivxDLHWnyGOctT9JP70h0beY54xDDDJt4VpTX+iwA77IFsE1vCXWmprajJGa+ZYSqkSbRQ4eyLCpCmiCQ==}
    engines: {node: '>=12'}
    cpu: [arm64]
    os: [linux]
    requiresBuild: true
    dev: true
    optional: true

  /@esbuild/linux-arm@0.19.8:
    resolution: {integrity: sha512-H4vmI5PYqSvosPaTJuEppU9oz1dq2A7Mr2vyg5TF9Ga+3+MGgBdGzcyBP7qK9MrwFQZlvNyJrvz6GuCaj3OukQ==}
    engines: {node: '>=12'}
    cpu: [arm]
    os: [linux]
    requiresBuild: true
    dev: true
    optional: true

  /@esbuild/linux-ia32@0.19.8:
    resolution: {integrity: sha512-1a8suQiFJmZz1khm/rDglOc8lavtzEMRo0v6WhPgxkrjcU0LkHj+TwBrALwoz/OtMExvsqbbMI0ChyelKabSvQ==}
    engines: {node: '>=12'}
    cpu: [ia32]
    os: [linux]
    requiresBuild: true
    dev: true
    optional: true

  /@esbuild/linux-loong64@0.19.8:
    resolution: {integrity: sha512-fHZWS2JJxnXt1uYJsDv9+b60WCc2RlvVAy1F76qOLtXRO+H4mjt3Tr6MJ5l7Q78X8KgCFudnTuiQRBhULUyBKQ==}
    engines: {node: '>=12'}
    cpu: [loong64]
    os: [linux]
    requiresBuild: true
    dev: true
    optional: true

  /@esbuild/linux-mips64el@0.19.8:
    resolution: {integrity: sha512-Wy/z0EL5qZYLX66dVnEg9riiwls5IYnziwuju2oUiuxVc+/edvqXa04qNtbrs0Ukatg5HEzqT94Zs7J207dN5Q==}
    engines: {node: '>=12'}
    cpu: [mips64el]
    os: [linux]
    requiresBuild: true
    dev: true
    optional: true

  /@esbuild/linux-ppc64@0.19.8:
    resolution: {integrity: sha512-ETaW6245wK23YIEufhMQ3HSeHO7NgsLx8gygBVldRHKhOlD1oNeNy/P67mIh1zPn2Hr2HLieQrt6tWrVwuqrxg==}
    engines: {node: '>=12'}
    cpu: [ppc64]
    os: [linux]
    requiresBuild: true
    dev: true
    optional: true

  /@esbuild/linux-riscv64@0.19.8:
    resolution: {integrity: sha512-T2DRQk55SgoleTP+DtPlMrxi/5r9AeFgkhkZ/B0ap99zmxtxdOixOMI570VjdRCs9pE4Wdkz7JYrsPvsl7eESg==}
    engines: {node: '>=12'}
    cpu: [riscv64]
    os: [linux]
    requiresBuild: true
    dev: true
    optional: true

  /@esbuild/linux-s390x@0.19.8:
    resolution: {integrity: sha512-NPxbdmmo3Bk7mbNeHmcCd7R7fptJaczPYBaELk6NcXxy7HLNyWwCyDJ/Xx+/YcNH7Im5dHdx9gZ5xIwyliQCbg==}
    engines: {node: '>=12'}
    cpu: [s390x]
    os: [linux]
    requiresBuild: true
    dev: true
    optional: true

  /@esbuild/linux-x64@0.19.8:
    resolution: {integrity: sha512-lytMAVOM3b1gPypL2TRmZ5rnXl7+6IIk8uB3eLsV1JwcizuolblXRrc5ShPrO9ls/b+RTp+E6gbsuLWHWi2zGg==}
    engines: {node: '>=12'}
    cpu: [x64]
    os: [linux]
    requiresBuild: true
    dev: true
    optional: true

  /@esbuild/netbsd-x64@0.19.8:
    resolution: {integrity: sha512-hvWVo2VsXz/8NVt1UhLzxwAfo5sioj92uo0bCfLibB0xlOmimU/DeAEsQILlBQvkhrGjamP0/el5HU76HAitGw==}
    engines: {node: '>=12'}
    cpu: [x64]
    os: [netbsd]
    requiresBuild: true
    dev: true
    optional: true

  /@esbuild/openbsd-x64@0.19.8:
    resolution: {integrity: sha512-/7Y7u77rdvmGTxR83PgaSvSBJCC2L3Kb1M/+dmSIvRvQPXXCuC97QAwMugBNG0yGcbEGfFBH7ojPzAOxfGNkwQ==}
    engines: {node: '>=12'}
    cpu: [x64]
    os: [openbsd]
    requiresBuild: true
    dev: true
    optional: true

  /@esbuild/sunos-x64@0.19.8:
    resolution: {integrity: sha512-9Lc4s7Oi98GqFA4HzA/W2JHIYfnXbUYgekUP/Sm4BG9sfLjyv6GKKHKKVs83SMicBF2JwAX6A1PuOLMqpD001w==}
    engines: {node: '>=12'}
    cpu: [x64]
    os: [sunos]
    requiresBuild: true
    dev: true
    optional: true

  /@esbuild/win32-arm64@0.19.8:
    resolution: {integrity: sha512-rq6WzBGjSzihI9deW3fC2Gqiak68+b7qo5/3kmB6Gvbh/NYPA0sJhrnp7wgV4bNwjqM+R2AApXGxMO7ZoGhIJg==}
    engines: {node: '>=12'}
    cpu: [arm64]
    os: [win32]
    requiresBuild: true
    dev: true
    optional: true

  /@esbuild/win32-ia32@0.19.8:
    resolution: {integrity: sha512-AIAbverbg5jMvJznYiGhrd3sumfwWs8572mIJL5NQjJa06P8KfCPWZQ0NwZbPQnbQi9OWSZhFVSUWjjIrn4hSw==}
    engines: {node: '>=12'}
    cpu: [ia32]
    os: [win32]
    requiresBuild: true
    dev: true
    optional: true

  /@esbuild/win32-x64@0.19.8:
    resolution: {integrity: sha512-bfZ0cQ1uZs2PqpulNL5j/3w+GDhP36k1K5c38QdQg+Swy51jFZWWeIkteNsufkQxp986wnqRRsb/bHbY1WQ7TA==}
    engines: {node: '>=12'}
    cpu: [x64]
    os: [win32]
    requiresBuild: true
    dev: true
    optional: true

  /@jridgewell/sourcemap-codec@1.4.15:
    resolution: {integrity: sha512-eF2rxCRulEKXHTRiDrDy6erMYWqNw4LPdQ8UQA4huuxaQsVeRPFl2oM8oDGxMFhJUWZf9McpLtJasDDZb/Bpeg==}
    dev: true

  /@rollup/rollup-android-arm-eabi@4.6.0:
    resolution: {integrity: sha512-keHkkWAe7OtdALGoutLY3utvthkGF+Y17ws9LYT8pxMBYXaCoH/8dXS2uzo6e8+sEhY7y/zi5RFo22Dy2lFpDw==}
    cpu: [arm]
    os: [android]
    requiresBuild: true
    dev: true
    optional: true

  /@rollup/rollup-android-arm64@4.6.0:
    resolution: {integrity: sha512-y3Kt+34smKQNWilicPbBz/MXEY7QwDzMFNgwEWeYiOhUt9MTWKjHqe3EVkXwT2fR7izOvHpDWZ0o2IyD9SWX7A==}
    cpu: [arm64]
    os: [android]
    requiresBuild: true
    dev: true
    optional: true

  /@rollup/rollup-darwin-arm64@4.6.0:
    resolution: {integrity: sha512-oLzzxcUIHltHxOCmaXl+pkIlU+uhSxef5HfntW7RsLh1eHm+vJzjD9Oo4oUKso4YuP4PpbFJNlZjJuOrxo8dPg==}
    cpu: [arm64]
    os: [darwin]
    requiresBuild: true
    dev: true
    optional: true

  /@rollup/rollup-darwin-x64@4.6.0:
    resolution: {integrity: sha512-+ANnmjkcOBaV25n0+M0Bere3roeVAnwlKW65qagtuAfIxXF9YxUneRyAn/RDcIdRa7QrjRNJL3jR7T43ObGe8Q==}
    cpu: [x64]
    os: [darwin]
    requiresBuild: true
    dev: true
    optional: true

  /@rollup/rollup-linux-arm-gnueabihf@4.6.0:
    resolution: {integrity: sha512-tBTSIkjSVUyrekddpkAqKOosnj1Fc0ZY0rJL2bIEWPKqlEQk0paORL9pUIlt7lcGJi3LzMIlUGXvtNi1Z6MOCQ==}
    cpu: [arm]
    os: [linux]
    requiresBuild: true
    dev: true
    optional: true

  /@rollup/rollup-linux-arm64-gnu@4.6.0:
    resolution: {integrity: sha512-Ed8uJI3kM11de9S0j67wAV07JUNhbAqIrDYhQBrQW42jGopgheyk/cdcshgGO4fW5Wjq97COCY/BHogdGvKVNQ==}
    cpu: [arm64]
    os: [linux]
    libc: [glibc]
    requiresBuild: true
    dev: true
    optional: true

  /@rollup/rollup-linux-arm64-musl@4.6.0:
    resolution: {integrity: sha512-mZoNQ/qK4D7SSY8v6kEsAAyDgznzLLuSFCA3aBHZTmf3HP/dW4tNLTtWh9+LfyO0Z1aUn+ecpT7IQ3WtIg3ViQ==}
    cpu: [arm64]
    os: [linux]
    libc: [musl]
    requiresBuild: true
    dev: true
    optional: true

  /@rollup/rollup-linux-x64-gnu@4.6.0:
    resolution: {integrity: sha512-rouezFHpwCqdEXsqAfNsTgSWO0FoZ5hKv5p+TGO5KFhyN/dvYXNMqMolOb8BkyKcPqjYRBeT+Z6V3aM26rPaYg==}
    cpu: [x64]
    os: [linux]
    libc: [glibc]
    requiresBuild: true
    dev: true
    optional: true

  /@rollup/rollup-linux-x64-musl@4.6.0:
    resolution: {integrity: sha512-Bbm+fyn3S6u51urfj3YnqBXg5vI2jQPncRRELaucmhBVyZkbWClQ1fEsRmdnCPpQOQfkpg9gZArvtMVkOMsh1w==}
    cpu: [x64]
    os: [linux]
    libc: [musl]
    requiresBuild: true
    dev: true
    optional: true

  /@rollup/rollup-win32-arm64-msvc@4.6.0:
    resolution: {integrity: sha512-+MRMcyx9L2kTrTUzYmR61+XVsliMG4odFb5UmqtiT8xOfEicfYAGEuF/D1Pww1+uZkYhBqAHpvju7VN+GnC3ng==}
    cpu: [arm64]
    os: [win32]
    requiresBuild: true
    dev: true
    optional: true

  /@rollup/rollup-win32-ia32-msvc@4.6.0:
    resolution: {integrity: sha512-rxfeE6K6s/Xl2HGeK6cO8SiQq3k/3BYpw7cfhW5Bk2euXNEpuzi2cc7llxx1si1QgwfjNtdRNTGqdBzGlFZGFw==}
    cpu: [ia32]
    os: [win32]
    requiresBuild: true
    dev: true
    optional: true

  /@rollup/rollup-win32-x64-msvc@4.6.0:
    resolution: {integrity: sha512-QqmCsydHS172Y0Kc13bkMXvipbJSvzeglBncJG3LsYJSiPlxYACz7MmJBs4A8l1oU+jfhYEIC/+AUSlvjmiX/g==}
    cpu: [x64]
    os: [win32]
    requiresBuild: true
    dev: true
    optional: true

  /@shikijs/core@1.0.0-beta.5:
    resolution: {integrity: sha512-C/MxtvK3FFCQZSsDq6OfjDHHOmyP1Jc9wO66cnE8VLEyWXzWch7Zpoc2MWuVJTSC0Pz9QxyUlsBCnroplFqoSg==}
    dev: true

  /@shikijs/transformers@1.0.0-beta.5:
    resolution: {integrity: sha512-Kd3312yH6sh8Jw0xjBFfGpXTU3Qts1bwuB19wDDoKRvJqjrkffftdSuKzhHPa+DP/L0ZFhq96xMPngzQ15rQmQ==}
    dependencies:
      shiki: 1.0.0-beta.5
    dev: true

  /@types/linkify-it@3.0.5:
    resolution: {integrity: sha512-yg6E+u0/+Zjva+buc3EIb+29XEg4wltq7cSmd4Uc2EE/1nUVmxyzpX6gUXD0V8jIrG0r7YeOGVIbYRkxeooCtw==}
    dev: true

  /@types/markdown-it@13.0.7:
    resolution: {integrity: sha512-U/CBi2YUUcTHBt5tjO2r5QV/x0Po6nsYwQU4Y04fBS6vfoImaiZ6f8bi3CjTCxBPQSO1LMyUqkByzi8AidyxfA==}
    dependencies:
      '@types/linkify-it': 3.0.5
      '@types/mdurl': 1.0.5
    dev: true

  /@types/mdurl@1.0.5:
    resolution: {integrity: sha512-6L6VymKTzYSrEf4Nev4Xa1LCHKrlTlYCBMTlQKFuddo1CvQcE52I0mwfOJayueUC7MJuXOeHTcIU683lzd0cUA==}
    dev: true

  /@types/web-bluetooth@0.0.20:
    resolution: {integrity: sha512-g9gZnnXVq7gM7v3tJCWV/qw7w+KeOlSHAhgF9RytFyifW6AF61hdT2ucrYhPq9hLs5JIryeupHV3qGk95dH9ow==}
    dev: true

  /@vitejs/plugin-vue@5.0.3(vite@5.0.12)(vue@3.4.15):
    resolution: {integrity: sha512-b8S5dVS40rgHdDrw+DQi/xOM9ed+kSRZzfm1T74bMmBDCd8XO87NKlFYInzCtwvtWwXZvo1QxE2OSspTATWrbA==}
    engines: {node: ^18.0.0 || >=20.0.0}
    peerDependencies:
      vite: ^5.0.0
      vue: ^3.2.25
    dependencies:
      vite: 5.0.12
      vue: 3.4.15
    dev: true

  /@vue/compiler-core@3.4.15:
    resolution: {integrity: sha512-XcJQVOaxTKCnth1vCxEChteGuwG6wqnUHxAm1DO3gCz0+uXKaJNx8/digSz4dLALCy8n2lKq24jSUs8segoqIw==}
    dependencies:
      '@babel/parser': 7.23.9
      '@vue/shared': 3.4.15
      entities: 4.5.0
      estree-walker: 2.0.2
      source-map-js: 1.0.2
    dev: true

  /@vue/compiler-dom@3.4.15:
    resolution: {integrity: sha512-wox0aasVV74zoXyblarOM3AZQz/Z+OunYcIHe1OsGclCHt8RsRm04DObjefaI82u6XDzv+qGWZ24tIsRAIi5MQ==}
    dependencies:
      '@vue/compiler-core': 3.4.15
      '@vue/shared': 3.4.15
    dev: true

  /@vue/compiler-sfc@3.4.15:
    resolution: {integrity: sha512-LCn5M6QpkpFsh3GQvs2mJUOAlBQcCco8D60Bcqmf3O3w5a+KWS5GvYbrrJBkgvL1BDnTp+e8q0lXCLgHhKguBA==}
    dependencies:
      '@babel/parser': 7.23.9
      '@vue/compiler-core': 3.4.15
      '@vue/compiler-dom': 3.4.15
      '@vue/compiler-ssr': 3.4.15
      '@vue/shared': 3.4.15
      estree-walker: 2.0.2
      magic-string: 0.30.5
      postcss: 8.4.33
      source-map-js: 1.0.2
    dev: true

  /@vue/compiler-ssr@3.4.15:
    resolution: {integrity: sha512-1jdeQyiGznr8gjFDadVmOJqZiLNSsMa5ZgqavkPZ8O2wjHv0tVuAEsw5hTdUoUW4232vpBbL/wJhzVW/JwY1Uw==}
    dependencies:
      '@vue/compiler-dom': 3.4.15
      '@vue/shared': 3.4.15
    dev: true

  /@vue/devtools-api@7.0.14:
    resolution: {integrity: sha512-TluWR9qZ6aO11bwtYK8+fzXxBqLfsE0mWZz1q/EQBmO9k82Cm6deieLwNNXjNFJz7xutazoia5Qa+zTYkPPOfw==}
    dependencies:
      '@vue/devtools-kit': 7.0.14
    dev: true

  /@vue/devtools-kit@7.0.14:
    resolution: {integrity: sha512-wAAJazr4hI0aVRpgWOCVPw+NzMQdthhnprHHIg4njp1MkKrpCNGQ7MtQbZF1AltAA7xpMCGyyt+0kYH0FqTiPg==}
    dependencies:
      '@vue/devtools-schema': 7.0.14
      '@vue/devtools-shared': 7.0.14
      hookable: 5.5.3
      mitt: 3.0.1
      perfect-debounce: 1.0.0
      speakingurl: 14.0.1
    dev: true

  /@vue/devtools-schema@7.0.14:
    resolution: {integrity: sha512-tpUeCLVrdHX+KzWMLTAwx/vAPFbo6jAUi7sr6Q+0mBIqIVSSIxNr5wEhegiFvYva+OtDeM2OrT+f7/X/5bvZNg==}
    dev: true

  /@vue/devtools-shared@7.0.14:
    resolution: {integrity: sha512-79RP1NDakBVWou9rDpVnT1WMjTbL1lJKm6YEOodjQ0dq5ehf0wsRbeYDhgAlnjehWRzTq5GAYFBFUPYBs0/QpA==}
    dependencies:
      rfdc: 1.3.1
    dev: true

  /@vue/reactivity@3.4.15:
    resolution: {integrity: sha512-55yJh2bsff20K5O84MxSvXKPHHt17I2EomHznvFiJCAZpJTNW8IuLj1xZWMLELRhBK3kkFV/1ErZGHJfah7i7w==}
    dependencies:
      '@vue/shared': 3.4.15
    dev: true

  /@vue/runtime-core@3.4.15:
    resolution: {integrity: sha512-6E3by5m6v1AkW0McCeAyhHTw+3y17YCOKG0U0HDKDscV4Hs0kgNT5G+GCHak16jKgcCDHpI9xe5NKb8sdLCLdw==}
    dependencies:
      '@vue/reactivity': 3.4.15
      '@vue/shared': 3.4.15
    dev: true

  /@vue/runtime-dom@3.4.15:
    resolution: {integrity: sha512-EVW8D6vfFVq3V/yDKNPBFkZKGMFSvZrUQmx196o/v2tHKdwWdiZjYUBS+0Ez3+ohRyF8Njwy/6FH5gYJ75liUw==}
    dependencies:
      '@vue/runtime-core': 3.4.15
      '@vue/shared': 3.4.15
      csstype: 3.1.3
    dev: true

  /@vue/server-renderer@3.4.15(vue@3.4.15):
    resolution: {integrity: sha512-3HYzaidu9cHjrT+qGUuDhFYvF/j643bHC6uUN9BgM11DVy+pM6ATsG6uPBLnkwOgs7BpJABReLmpL3ZPAsUaqw==}
    peerDependencies:
      vue: 3.4.15
    dependencies:
      '@vue/compiler-ssr': 3.4.15
      '@vue/shared': 3.4.15
      vue: 3.4.15
    dev: true

  /@vue/shared@3.4.15:
    resolution: {integrity: sha512-KzfPTxVaWfB+eGcGdbSf4CWdaXcGDqckoeXUh7SB3fZdEtzPCK2Vq9B/lRRL3yutax/LWITz+SwvgyOxz5V75g==}
    dev: true

  /@vueuse/core@10.7.2(vue@3.4.15):
    resolution: {integrity: sha512-AOyAL2rK0By62Hm+iqQn6Rbu8bfmbgaIMXcE3TSr7BdQ42wnSFlwIdPjInO62onYsEMK/yDMU8C6oGfDAtZ2qQ==}
    dependencies:
      '@types/web-bluetooth': 0.0.20
      '@vueuse/metadata': 10.7.2
      '@vueuse/shared': 10.7.2(vue@3.4.15)
      vue-demi: 0.14.6(vue@3.4.15)
    transitivePeerDependencies:
      - '@vue/composition-api'
      - vue
    dev: true

  /@vueuse/integrations@10.7.2(focus-trap@7.5.4)(vue@3.4.15):
    resolution: {integrity: sha512-+u3RLPFedjASs5EKPc69Ge49WNgqeMfSxFn+qrQTzblPXZg6+EFzhjarS5edj2qAf6xQ93f95TUxRwKStXj/sQ==}
    peerDependencies:
      async-validator: '*'
      axios: '*'
      change-case: '*'
      drauu: '*'
      focus-trap: '*'
      fuse.js: '*'
      idb-keyval: '*'
      jwt-decode: '*'
      nprogress: '*'
      qrcode: '*'
      sortablejs: '*'
      universal-cookie: '*'
    peerDependenciesMeta:
      async-validator:
        optional: true
      axios:
        optional: true
      change-case:
        optional: true
      drauu:
        optional: true
      focus-trap:
        optional: true
      fuse.js:
        optional: true
      idb-keyval:
        optional: true
      jwt-decode:
        optional: true
      nprogress:
        optional: true
      qrcode:
        optional: true
      sortablejs:
        optional: true
      universal-cookie:
        optional: true
    dependencies:
      '@vueuse/core': 10.7.2(vue@3.4.15)
      '@vueuse/shared': 10.7.2(vue@3.4.15)
      focus-trap: 7.5.4
      vue-demi: 0.14.6(vue@3.4.15)
    transitivePeerDependencies:
      - '@vue/composition-api'
      - vue
    dev: true

  /@vueuse/metadata@10.7.2:
    resolution: {integrity: sha512-kCWPb4J2KGrwLtn1eJwaJD742u1k5h6v/St5wFe8Quih90+k2a0JP8BS4Zp34XUuJqS2AxFYMb1wjUL8HfhWsQ==}
    dev: true

  /@vueuse/shared@10.7.2(vue@3.4.15):
    resolution: {integrity: sha512-qFbXoxS44pi2FkgFjPvF4h7c9oMDutpyBdcJdMYIMg9XyXli2meFMuaKn+UMgsClo//Th6+beeCgqweT/79BVA==}
    dependencies:
      vue-demi: 0.14.6(vue@3.4.15)
    transitivePeerDependencies:
      - '@vue/composition-api'
      - vue
    dev: true

  /algoliasearch@4.20.0:
    resolution: {integrity: sha512-y+UHEjnOItoNy0bYO+WWmLWBlPwDjKHW6mNHrPi0NkuhpQOOEbrkwQH/wgKFDLh7qlKjzoKeiRtlpewDPDG23g==}
    dependencies:
      '@algolia/cache-browser-local-storage': 4.20.0
      '@algolia/cache-common': 4.20.0
      '@algolia/cache-in-memory': 4.20.0
      '@algolia/client-account': 4.20.0
      '@algolia/client-analytics': 4.20.0
      '@algolia/client-common': 4.20.0
      '@algolia/client-personalization': 4.20.0
      '@algolia/client-search': 4.20.0
      '@algolia/logger-common': 4.20.0
      '@algolia/logger-console': 4.20.0
      '@algolia/requester-browser-xhr': 4.20.0
      '@algolia/requester-common': 4.20.0
      '@algolia/requester-node-http': 4.20.0
      '@algolia/transporter': 4.20.0
    dev: true

  /csstype@3.1.3:
    resolution: {integrity: sha512-M1uQkMl8rQK/szD0LNhtqxIPLpimGm8sOBwU7lLnCpSbTyY3yeU1Vc7l4KT5zT4s/yOxHH5O7tIuuLOCnLADRw==}
    dev: true

  /entities@4.5.0:
    resolution: {integrity: sha512-V0hjH4dGPh9Ao5p0MoRY6BVqtwCjhz6vI5LT8AJ55H+4g9/4vbHx1I54fS0XuclLhDHArPQCiMjDxjaL8fPxhw==}
    engines: {node: '>=0.12'}
    dev: true

  /esbuild@0.19.8:
    resolution: {integrity: sha512-l7iffQpT2OrZfH2rXIp7/FkmaeZM0vxbxN9KfiCwGYuZqzMg/JdvX26R31Zxn/Pxvsrg3Y9N6XTcnknqDyyv4w==}
    engines: {node: '>=12'}
    hasBin: true
    requiresBuild: true
    optionalDependencies:
      '@esbuild/android-arm': 0.19.8
      '@esbuild/android-arm64': 0.19.8
      '@esbuild/android-x64': 0.19.8
      '@esbuild/darwin-arm64': 0.19.8
      '@esbuild/darwin-x64': 0.19.8
      '@esbuild/freebsd-arm64': 0.19.8
      '@esbuild/freebsd-x64': 0.19.8
      '@esbuild/linux-arm': 0.19.8
      '@esbuild/linux-arm64': 0.19.8
      '@esbuild/linux-ia32': 0.19.8
      '@esbuild/linux-loong64': 0.19.8
      '@esbuild/linux-mips64el': 0.19.8
      '@esbuild/linux-ppc64': 0.19.8
      '@esbuild/linux-riscv64': 0.19.8
      '@esbuild/linux-s390x': 0.19.8
      '@esbuild/linux-x64': 0.19.8
      '@esbuild/netbsd-x64': 0.19.8
      '@esbuild/openbsd-x64': 0.19.8
      '@esbuild/sunos-x64': 0.19.8
      '@esbuild/win32-arm64': 0.19.8
      '@esbuild/win32-ia32': 0.19.8
      '@esbuild/win32-x64': 0.19.8
    dev: true

  /estree-walker@2.0.2:
    resolution: {integrity: sha512-Rfkk/Mp/DL7JVje3u18FxFujQlTNR2q6QfMSMB7AvCBx91NGj/ba3kCfza0f6dVDbw7YlRf/nDrn7pQrCCyQ/w==, tarball: https://r2.cnpmjs.org/estree-walker/-/estree-walker-2.0.2.tgz}
    dev: true

  /focus-trap@7.5.4:
    resolution: {integrity: sha512-N7kHdlgsO/v+iD/dMoJKtsSqs5Dz/dXZVebRgJw23LDk+jMi/974zyiOYDziY2JPp8xivq9BmUGwIJMiuSBi7w==}
    dependencies:
      tabbable: 6.2.0
    dev: true

  /fsevents@2.3.3:
    resolution: {integrity: sha512-5xoDfX+fL7faATnagmWPpbFtwh/R77WmMMqqHGS65C3vvB0YHrgF+B1YmZ3441tMj5n63k0212XNoJwzlhffQw==}
    engines: {node: ^8.16.0 || ^10.6.0 || >=11.0.0}
    os: [darwin]
    requiresBuild: true
    dev: true
    optional: true

  /hookable@5.5.3:
    resolution: {integrity: sha512-Yc+BQe8SvoXH1643Qez1zqLRmbA5rCL+sSmk6TVos0LWVfNIB7PGncdlId77WzLGSIB5KaWgTaNTs2lNVEI6VQ==}
    dev: true

  /magic-string@0.30.5:
    resolution: {integrity: sha512-7xlpfBaQaP/T6Vh8MO/EqXSW5En6INHEvEXQiuff7Gku0PWjU3uf6w/j9o7O+SpB5fOAkrI5HeoNgwjEO0pFsA==}
    engines: {node: '>=12'}
    dependencies:
      '@jridgewell/sourcemap-codec': 1.4.15
    dev: true

  /mark.js@8.11.1:
    resolution: {integrity: sha512-1I+1qpDt4idfgLQG+BNWmrqku+7/2bi5nLf4YwF8y8zXvmfiTBY3PV3ZibfrjBueCByROpuBjLLFCajqkgYoLQ==, tarball: https://r2.cnpmjs.org/mark.js/-/mark.js-8.11.1.tgz}
    dev: true

  /minisearch@6.3.0:
    resolution: {integrity: sha512-ihFnidEeU8iXzcVHy74dhkxh/dn8Dc08ERl0xwoMMGqp4+LvRSCgicb+zGqWthVokQKvCSxITlh3P08OzdTYCQ==}
    dev: true

  /mitt@3.0.1:
    resolution: {integrity: sha512-vKivATfr97l2/QBCYAkXYDbrIWPM2IIKEl7YPhjCvKlG3kE2gm+uBo6nEXK3M5/Ffh/FLpKExzOQ3JJoJGFKBw==}
    dev: true

  /nanoid@3.3.7:
    resolution: {integrity: sha512-eSRppjcPIatRIMC1U6UngP8XFcz8MQWGQdt1MTBQ7NaAmvXDfvNxbvWV3x2y6CdEUciCSsDHDQZbhYaB8QEo2g==}
    engines: {node: ^10 || ^12 || ^13.7 || ^14 || >=15.0.1}
    hasBin: true
    dev: true

  /perfect-debounce@1.0.0:
    resolution: {integrity: sha512-xCy9V055GLEqoFaHoC1SoLIaLmWctgCUaBaWxDZ7/Zx4CTyX7cJQLJOok/orfjZAh9kEYpjJa4d0KcJmCbctZA==}
    dev: true

  /picocolors@1.0.0:
    resolution: {integrity: sha512-1fygroTLlHu66zi26VoTDv8yRgm0Fccecssto+MhsZ0D/DGW2sm8E8AjW7NU5VVTRt5GxbeZ5qBuJr+HyLYkjQ==, tarball: https://r2.cnpmjs.org/picocolors/-/picocolors-1.0.0.tgz}
    dev: true

  /postcss@8.4.33:
    resolution: {integrity: sha512-Kkpbhhdjw2qQs2O2DGX+8m5OVqEcbB9HRBvuYM9pgrjEFUg30A9LmXNlTAUj4S9kgtGyrMbTzVjH7E+s5Re2yg==}
    engines: {node: ^10 || ^12 || >=14}
    dependencies:
      nanoid: 3.3.7
      picocolors: 1.0.0
      source-map-js: 1.0.2
    dev: true

  /preact@10.15.1:
    resolution: {integrity: sha512-qs2ansoQEwzNiV5eAcRT1p1EC/dmEzaATVDJNiB3g2sRDWdA7b7MurXdJjB2+/WQktGWZwxvDrnuRFbWuIr64g==}
    dev: true

  /rfdc@1.3.1:
    resolution: {integrity: sha512-r5a3l5HzYlIC68TpmYKlxWjmOP6wiPJ1vWv2HeLhNsRZMrCkxeqxiHlQ21oXmQ4F3SiryXBHhAD7JZqvOJjFmg==}
    dev: true

  /rollup@4.6.0:
    resolution: {integrity: sha512-R8i5Her4oO1LiMQ3jKf7MUglYV/mhQ5g5OKeld5CnkmPdIGo79FDDQYqPhq/PCVuTQVuxsWgIbDy9F+zdHn80w==}
    engines: {node: '>=18.0.0', npm: '>=8.0.0'}
    hasBin: true
    optionalDependencies:
      '@rollup/rollup-android-arm-eabi': 4.6.0
      '@rollup/rollup-android-arm64': 4.6.0
      '@rollup/rollup-darwin-arm64': 4.6.0
      '@rollup/rollup-darwin-x64': 4.6.0
      '@rollup/rollup-linux-arm-gnueabihf': 4.6.0
      '@rollup/rollup-linux-arm64-gnu': 4.6.0
      '@rollup/rollup-linux-arm64-musl': 4.6.0
      '@rollup/rollup-linux-x64-gnu': 4.6.0
      '@rollup/rollup-linux-x64-musl': 4.6.0
      '@rollup/rollup-win32-arm64-msvc': 4.6.0
      '@rollup/rollup-win32-ia32-msvc': 4.6.0
      '@rollup/rollup-win32-x64-msvc': 4.6.0
      fsevents: 2.3.3
    dev: true

  /search-insights@2.7.0:
    resolution: {integrity: sha512-GLbVaGgzYEKMvuJbHRhLi1qoBFnjXZGZ6l4LxOYPCp4lI2jDRB3jPU9/XNhMwv6kvnA9slTreq6pvK+b3o3aqg==}
    engines: {node: '>=8.16.0'}
    dev: true

  /shiki@1.0.0-beta.5:
    resolution: {integrity: sha512-S5FV55ZH8zLicVyqlJZj8LYqh/VuUICDDNG/L9eDM9I4d69EX+FbgSnKRIuJIwLrmJfTiPoGVnH1HsHX5whP/g==}
    dependencies:
      '@shikijs/core': 1.0.0-beta.5
    dev: true

  /source-map-js@1.0.2:
    resolution: {integrity: sha512-R0XvVJ9WusLiqTCEiGCmICCMplcCkIwwR11mOSD9CR5u+IXYdiseeEuXCVAjS54zqwkLcPNnmU4OeJ6tUrWhDw==}
    engines: {node: '>=0.10.0'}
    dev: true

  /speakingurl@14.0.1:
    resolution: {integrity: sha512-1POYv7uv2gXoyGFpBCmpDVSNV74IfsWlDW216UPjbWufNf+bSU6GdbDsxdcxtfwb4xlI3yxzOTKClUosxARYrQ==, tarball: https://r2.cnpmjs.org/speakingurl/-/speakingurl-14.0.1.tgz}
    engines: {node: '>=0.10.0'}
    dev: true

  /tabbable@6.2.0:
    resolution: {integrity: sha512-Cat63mxsVJlzYvN51JmVXIgNoUokrIaT2zLclCXjRd8boZ0004U4KCs/sToJ75C6sdlByWxpYnb5Boif1VSFew==}
    dev: true

  /to-fast-properties@2.0.0:
    resolution: {integrity: sha512-/OaKK0xYrs3DmxRYqL/yDc+FxFUVYhDlXMhRmv3z915w2HF1tnN1omB354j8VUGO/hbRzyD6Y3sA7v7GS/ceog==, tarball: https://r2.cnpmjs.org/to-fast-properties/-/to-fast-properties-2.0.0.tgz}
    engines: {node: '>=4'}
    dev: true

  /vite@5.0.12:
    resolution: {integrity: sha512-4hsnEkG3q0N4Tzf1+t6NdN9dg/L3BM+q8SWgbSPnJvrgH2kgdyzfVJwbR1ic69/4uMJJ/3dqDZZE5/WwqW8U1w==}
    engines: {node: ^18.0.0 || >=20.0.0}
    hasBin: true
    peerDependencies:
      '@types/node': ^18.0.0 || >=20.0.0
      less: '*'
      lightningcss: ^1.21.0
      sass: '*'
      stylus: '*'
      sugarss: '*'
      terser: ^5.4.0
    peerDependenciesMeta:
      '@types/node':
        optional: true
      less:
        optional: true
      lightningcss:
        optional: true
      sass:
        optional: true
      stylus:
        optional: true
      sugarss:
        optional: true
      terser:
        optional: true
    dependencies:
      esbuild: 0.19.8
      postcss: 8.4.33
      rollup: 4.6.0
    optionalDependencies:
      fsevents: 2.3.3
    dev: true

  /vitepress@1.0.0-rc.41(@algolia/client-search@4.20.0)(search-insights@2.7.0):
    resolution: {integrity: sha512-PAEoIIc9J//k/Wg39C6k86hZpXPmLZjRiTBwieDNeYGdevD7xr5Ve8o1W/w+e9dtyQMkuvzgianEamXDX3aj7g==}
    hasBin: true
    peerDependencies:
      markdown-it-mathjax3: ^4.3.2
      postcss: ^8.4.33
    peerDependenciesMeta:
      markdown-it-mathjax3:
        optional: true
      postcss:
        optional: true
    dependencies:
      '@docsearch/css': 3.5.2
      '@docsearch/js': 3.5.2(@algolia/client-search@4.20.0)(search-insights@2.7.0)
      '@shikijs/core': 1.0.0-beta.5
      '@shikijs/transformers': 1.0.0-beta.5
      '@types/markdown-it': 13.0.7
      '@vitejs/plugin-vue': 5.0.3(vite@5.0.12)(vue@3.4.15)
      '@vue/devtools-api': 7.0.14
      '@vueuse/core': 10.7.2(vue@3.4.15)
      '@vueuse/integrations': 10.7.2(focus-trap@7.5.4)(vue@3.4.15)
      focus-trap: 7.5.4
      mark.js: 8.11.1
      minisearch: 6.3.0
      shiki: 1.0.0-beta.5
      vite: 5.0.12
      vue: 3.4.15
    transitivePeerDependencies:
      - '@algolia/client-search'
      - '@types/node'
      - '@types/react'
      - '@vue/composition-api'
      - async-validator
      - axios
      - change-case
      - drauu
      - fuse.js
      - idb-keyval
      - jwt-decode
      - less
      - lightningcss
      - nprogress
      - qrcode
      - react
      - react-dom
      - sass
      - search-insights
      - sortablejs
      - stylus
      - sugarss
      - terser
      - typescript
      - universal-cookie
    dev: true

  /vue-demi@0.14.6(vue@3.4.15):
    resolution: {integrity: sha512-8QA7wrYSHKaYgUxDA5ZC24w+eHm3sYCbp0EzcDwKqN3p6HqtTCGR/GVsPyZW92unff4UlcSh++lmqDWN3ZIq4w==}
    engines: {node: '>=12'}
    hasBin: true
    requiresBuild: true
    peerDependencies:
      '@vue/composition-api': ^1.0.0-rc.1
      vue: ^3.0.0-0 || ^2.6.0
    peerDependenciesMeta:
      '@vue/composition-api':
        optional: true
    dependencies:
      vue: 3.4.15
    dev: true

  /vue@3.4.15:
    resolution: {integrity: sha512-jC0GH4KkWLWJOEQjOpkqU1bQsBwf4R1rsFtw5GQJbjHVKWDzO6P0nWWBTmjp1xSemAioDFj1jdaK1qa3DnMQoQ==}
    peerDependencies:
      typescript: '*'
    peerDependenciesMeta:
      typescript:
        optional: true
    dependencies:
      '@vue/compiler-dom': 3.4.15
      '@vue/compiler-sfc': 3.4.15
      '@vue/runtime-dom': 3.4.15
      '@vue/server-renderer': 3.4.15(vue@3.4.15)
      '@vue/shared': 3.4.15
    dev: true
